
Microsoft Visual Studio Solution File, Format Version 12.00
# Visual Studio 15
VisualStudioVersion = 15.0.26430.14
MinimumVisualStudioVersion = 10.0.40219.1
Project("{FAE04EC0-301F-11D3-BF4B-00C04F79EFBC}") = "Joe Changeless", "Joe Changeless\Joe Changeless.csproj", "{503C67F0-530E-47DD-9E55-43E9467CA4CD}"
EndProject
Global
	GlobalSection(SolutionConfigurationPlatforms) = preSolution
		Debug|Any CPU = Debug|Any CPU
		Release|Any CPU = Release|Any CPU
	EndGlobalSection
	GlobalSection(ProjectConfigurationPlatforms) = postSolution
		{503C67F0-530E-47DD-9E55-43E9467CA4CD}.Debug|Any CPU.ActiveCfg = Debug|Any CPU
		{503C67F0-530E-47DD-9E55-43E9467CA4CD}.Debug|Any CPU.Build.0 = Debug|Any CPU
		{503C67F0-530E-47DD-9E55-43E9467CA4CD}.Release|Any CPU.ActiveCfg = Release|Any CPU
		{503C67F0-530E-47DD-9E55-43E9467CA4CD}.Release|Any CPU.Build.0 = Release|Any CPU
	EndGlobalSection
	GlobalSection(SolutionProperties) = preSolution
		HideSolutionNode = FALSE
	EndGlobalSection
EndGlobal
